
Microsoft Visual Studio Solution File, Format Version 12.00
# Visual Studio Version 17
VisualStudioVersion = 17.4.33122.133
MinimumVisualStudioVersion = 10.0.40219.1
Project("{FAE04EC0-301F-11D3-BF4B-00C04F79EFBC}") = "Clg_Dept_Student_APIs", "Clg_Dept_Student_APIs.csproj", "{54D3215C-BB63-4457-8C43-411B588CFF79}"
EndProject
Global
	GlobalSection(SolutionConfigurationPlatforms) = preSolution
		Debug|Any CPU = Debug|Any CPU
		Release|Any CPU = Release|Any CPU
	EndGlobalSection
	GlobalSection(ProjectConfigurationPlatforms) = postSolution
		{54D3215C-BB63-4457-8C43-411B588CFF79}.Debug|Any CPU.ActiveCfg = Debug|Any CPU
		{54D3215C-BB63-4457-8C43-411B588CFF79}.Debug|Any CPU.Build.0 = Debug|Any CPU
		{54D3215C-BB63-4457-8C43-411B588CFF79}.Release|Any CPU.ActiveCfg = Release|Any CPU
		{54D3215C-BB63-4457-8C43-411B588CFF79}.Release|Any CPU.Build.0 = Release|Any CPU
	EndGlobalSection
	GlobalSection(SolutionProperties) = preSolution
		HideSolutionNode = FALSE
	EndGlobalSection
	GlobalSection(ExtensibilityGlobals) = postSolution
		SolutionGuid = {DA78B62D-E8C7-4A84-9815-22A15CED2ABB}
	EndGlobalSection
EndGlobal
